// !$*UTF8*$!
{
	archiveVersion = 1;
	classes = {
	};
	objectVersion = 50;
	objects = {

/* Begin PBXBuildFile section */
		6401D64E2488363C00F55711 /* PlayingCardDeck.m in Sources */ = {isa = PBXBuildFile; fileRef = 6401D64D2488363C00F55711 /* PlayingCardDeck.m */; };
		649ABF962486F35E004FCDBE /* main.m in Sources */ = {isa = PBXBuildFile; fileRef = 649ABF952486F35E004FCDBE /* main.m */; };
		649ABF9E2486F37D004FCDBE /* Card.m in Sources */ = {isa = PBXBuildFile; fileRef = 649ABF9D2486F37D004FCDBE /* Card.m */; };
		649ABFA12486F6A9004FCDBE /* Deck.m in Sources */ = {isa = PBXBuildFile; fileRef = 649ABFA02486F6A9004FCDBE /* Deck.m */; };
		649ABFA42486FC93004FCDBE /* PlayingCard.m in Sources */ = {isa = PBXBuildFile; fileRef = 649ABFA32486FC93004FCDBE /* PlayingCard.m */; };
/* End PBXBuildFile section */

/* Begin PBXCopyFilesBuildPhase section */
		649ABF902486F35E004FCDBE /* CopyFiles */ = {
			isa = PBXCopyFilesBuildPhase;
			buildActionMask = 2147483647;
			dstPath = /usr/share/man/man1/;
			dstSubfolderSpec = 0;
			files = (
			);
			runOnlyForDeploymentPostprocessing = 1;
		};
/* End PBXCopyFilesBuildPhase section */

/* Begin PBXFileReference section */
		6401D64C2488363C00F55711 /* PlayingCardDeck.h */ = {isa = PBXFileReference; lastKnownFileType = sourcecode.c.h; path = PlayingCardDeck.h; sourceTree = "<group>"; };
		6401D64D2488363C00F55711 /* PlayingCardDeck.m */ = {isa = PBXFileReference; lastKnownFileType = sourcecode.c.objc; path = PlayingCardDeck.m; sourceTree = "<group>"; };
		649ABF922486F35E004FCDBE /* ClassesOfCardGameProject */ = {isa = PBXFileReference; explicitFileType = "compiled.mach-o.executable"; includeInIndex = 0; path = ClassesOfCardGameProject; sourceTree = BUILT_PRODUCTS_DIR; };
		649ABF952486F35E004FCDBE /* main.m */ = {isa = PBXFileReference; lastKnownFileType = sourcecode.c.objc; path = main.m; sourceTree = "<group>"; };
		649ABF9C2486F37D004FCDBE /* Card.h */ = {isa = PBXFileReference; lastKnownFileType = sourcecode.c.h; path = Card.h; sourceTree = "<group>"; };
		649ABF9D2486F37D004FCDBE /* Card.m */ = {isa = PBXFileReference; lastKnownFileType = sourcecode.c.objc; path = Card.m; sourceTree = "<group>"; };
		649ABF9F2486F6A9004FCDBE /* Deck.h */ = {isa = PBXFileReference; lastKnownFileType = sourcecode.c.h; path = Deck.h; sourceTree = "<group>"; };
		649ABFA02486F6A9004FCDBE /* Deck.m */ = {isa = PBXFileReference; lastKnownFileType = sourcecode.c.objc; path = Deck.m; sourceTree = "<group>"; };
		649ABFA22486FC93004FCDBE /* PlayingCard.h */ = {isa = PBXFileReference; lastKnownFileType = sourcecode.c.h; path = PlayingCard.h; sourceTree = "<group>"; };
		649ABFA32486FC93004FCDBE /* PlayingCard.m */ = {isa = PBXFileReference; lastKnownFileType = sourcecode.c.objc; path = PlayingCard.m; sourceTree = "<group>"; };
/* End PBXFileReference section */

/* Begin PBXFrameworksBuildPhase section */
		649ABF8F2486F35E004FCDBE /* Frameworks */ = {
			isa = PBXFrameworksBuildPhase;
			buildActionMask = 2147483647;
			files = (
			);
			runOnlyForDeploymentPostprocessing = 0;
		};
/* End PBXFrameworksBuildPhase section */

/* Begin PBXGroup section */
		649ABF892486F35E004FCDBE = {
			isa = PBXGroup;
			children = (
				649ABF942486F35E004FCDBE /* ClassesOfCardGameProject */,
				649ABF932486F35E004FCDBE /* Products */,
			);
			sourceTree = "<group>";
		};
		649ABF932486F35E004FCDBE /* Products */ = {
			isa = PBXGroup;
			children = (
				649ABF922486F35E004FCDBE /* ClassesOfCardGameProject */,
			);
			name = Products;
			sourceTree = "<group>";
		};
		649ABF942486F35E004FCDBE /* ClassesOfCardGameProject */ = {
			isa = PBXGroup;
			children = (
				649ABF952486F35E004FCDBE /* main.m */,
				649ABF9C2486F37D004FCDBE /* Card.h */,
				649ABF9D2486F37D004FCDBE /* Card.m */,
				649ABF9F2486F6A9004FCDBE /* Deck.h */,
				649ABFA02486F6A9004FCDBE /* Deck.m */,
				649ABFA22486FC93004FCDBE /* PlayingCard.h */,
				649ABFA32486FC93004FCDBE /* PlayingCard.m */,
				6401D64C2488363C00F55711 /* PlayingCardDeck.h */,
				6401D64D2488363C00F55711 /* PlayingCardDeck.m */,
			);
			path = ClassesOfCardGameProject;
			sourceTree = "<group>";
		};
/* End PBXGroup section */

/* Begin PBXNativeTarget section */
		649ABF912486F35E004FCDBE /* ClassesOfCardGameProject */ = {
			isa = PBXNativeTarget;
			buildConfigurationList = 649ABF992486F35E004FCDBE /* Build configuration list for PBXNativeTarget "ClassesOfCardGameProject" */;
			buildPhases = (
				649ABF8E2486F35E004FCDBE /* Sources */,
				649ABF8F2486F35E004FCDBE /* Frameworks */,
				649ABF902486F35E004FCDBE /* CopyFiles */,
			);
			buildRules = (
			);
			dependencies = (
			);
			name = ClassesOfCardGameProject;
			productName = ClassesOfCardGameProject;
			productReference = 649ABF922486F35E004FCDBE /* ClassesOfCardGameProject */;
			productType = "com.apple.product-type.tool";
		};
/* End PBXNativeTarget section */

/* Begin PBXProject section */
		649ABF8A2486F35E004FCDBE /* Project object */ = {
			isa = PBXProject;
			attributes = {
				LastUpgradeCheck = 1150;
				ORGANIZATIONNAME = mkilmer;
				TargetAttributes = {
					649ABF912486F35E004FCDBE = {
						CreatedOnToolsVersion = 11.5;
					};
				};
			};
			buildConfigurationList = 649ABF8D2486F35E004FCDBE /* Build configuration list for PBXProject "ClassesOfCardGameProject" */;
			compatibilityVersion = "Xcode 9.3";
			developmentRegion = en;
			hasScannedForEncodings = 0;
			knownRegions = (
				en,
				Base,
			);
			mainGroup = 649ABF892486F35E004FCDBE;
			productRefGroup = 649ABF932486F35E004FCDBE /* Products */;
			projectDirPath = "";
			projectRoot = "";
			targets = (
				649ABF912486F35E004FCDBE /* ClassesOfCardGameProject */,
			);
		};
/* End PBXProject section */

/* Begin PBXSourcesBuildPhase section */
		649ABF8E2486F35E004FCDBE /* Sources */ = {
			isa = PBXSourcesBuildPhase;
			buildActionMask = 2147483647;
			files = (
				6401D64E2488363C00F55711 /* PlayingCardDeck.m in Sources */,
				649ABF962486F35E004FCDBE /* main.m in Sources */,
				649ABFA12486F6A9004FCDBE /* Deck.m in Sources */,
				649ABFA42486FC93004FCDBE /* PlayingCard.m in Sources */,
				649ABF9E2486F37D004FCDBE /* Card.m in Sources */,
			);
			runOnlyForDeploymentPostprocessing = 0;
		};
/* End PBXSourcesBuildPhase section */

/* Begin XCBuildConfiguration section */
		649ABF972486F35E004FCDBE /* Debug */ = {
			isa = XCBuildConfiguration;
			buildSettings = {
				ALWAYS_SEARCH_USER_PATHS = NO;
				CLANG_ANALYZER_NONNULL = YES;
				CLANG_ANALYZER_NUMBER_OBJECT_CONVERSION = YES_AGGRESSIVE;
				CLANG_CXX_LANGUAGE_STANDARD = "gnu++14";
				CLANG_CXX_LIBRARY = "libc++";
				CLANG_ENABLE_MODULES = YES;
				CLANG_ENABLE_OBJC_ARC = YES;
				CLANG_ENABLE_OBJC_WEAK = YES;
				CLANG_WARN_BLOCK_CAPTURE_AUTORELEASING = YES;
				CLANG_WARN_BOOL_CONVERSION = YES;
				CLANG_WARN_COMMA = YES;
				CLANG_WARN_CONSTANT_CONVERSION = YES;
				CLANG_WARN_DEPRECATED_OBJC_IMPLEMENTATIONS = YES;
				CLANG_WARN_DIRECT_OBJC_ISA_USAGE = YES_ERROR;
				CLANG_WARN_DOCUMENTATION_COMMENTS = YES;
				CLANG_WARN_EMPTY_BODY = YES;
				CLANG_WARN_ENUM_CONVERSION = YES;
				CLANG_WARN_INFINITE_RECURSION = YES;
				CLANG_WARN_INT_CONVERSION = YES;
				CLANG_WARN_NON_LITERAL_NULL_CONVERSION = YES;
				CLANG_WARN_OBJC_IMPLICIT_RETAIN_SELF = YES;
				CLANG_WARN_OBJC_LITERAL_CONVERSION = YES;
				CLANG_WARN_OBJC_ROOT_CLASS = YES_ERROR;
				CLANG_WARN_RANGE_LOOP_ANALYSIS = YES;
				CLANG_WARN_STRICT_PROTOTYPES = YES;
				CLANG_WARN_SUSPICIOUS_MOVE = YES;
				CLANG_WARN_UNGUARDED_AVAILABILITY = YES_AGGRESSIVE;
				CLANG_WARN_UNREACHABLE_CODE = YES;
				CLANG_WARN__DUPLICATE_METHOD_MATCH = YES;
				COPY_PHASE_STRIP = NO;
				DEBUG_INFORMATION_FORMAT = dwarf;
				ENABLE_STRICT_OBJC_MSGSEND = YES;
				ENABLE_TESTABILITY = YES;
				GCC_C_LANGUAGE_STANDARD = gnu11;
				GCC_DYNAMIC_NO_PIC = NO;
				GCC_NO_COMMON_BLOCKS = YES;
				GCC_OPTIMIZATION_LEVEL = 0;
				GCC_PREPROCESSOR_DEFINITIONS = (
					"DEBUG=1",
					"$(inherited)",
				);
				GCC_WARN_64_TO_32_BIT_CONVERSION = YES;
				GCC_WARN_ABOUT_RETURN_TYPE = YES_ERROR;
				GCC_WARN_UNDECLARED_SELECTOR = YES;
				GCC_WARN_UNINITIALIZED_AUTOS = YES_AGGRESSIVE;
				GCC_WARN_UNUSED_FUNCTION = YES;
				GCC_WARN_UNUSED_VARIABLE = YES;
				MACOSX_DEPLOYMENT_TARGET = 10.15;
				MTL_ENABLE_DEBUG_INFO = INCLUDE_SOURCE;
				MTL_FAST_MATH = YES;
				ONLY_ACTIVE_ARCH = YES;
				SDKROOT = macosx;
			};
			name = Debug;
		};
		649ABF982486F35E004FCDBE /* Release */ = {
			isa = XCBuildConfiguration;
			buildSettings = {
				ALWAYS_SEARCH_USER_PATHS = NO;
				CLANG_ANALYZER_NONNULL = YES;
				CLANG_ANALYZER_NUMBER_OBJECT_CONVERSION = YES_AGGRESSIVE;
				CLANG_CXX_LANGUAGE_STANDARD = "gnu++14";
				CLANG_CXX_LIBRARY = "libc++";
				CLANG_ENABLE_MODULES = YES;
				CLANG_ENABLE_OBJC_ARC = YES;
				CLANG_ENABLE_OBJC_WEAK = YES;
				CLANG_WARN_BLOCK_CAPTURE_AUTORELEASING = YES;
				CLANG_WARN_BOOL_CONVERSION = YES;
				CLANG_WARN_COMMA = YES;
				CLANG_WARN_CONSTANT_CONVERSION = YES;
				CLANG_WARN_DEPRECATED_OBJC_IMPLEMENTATIONS = YES;
				CLANG_WARN_DIRECT_OBJC_ISA_USAGE = YES_ERROR;
				CLANG_WARN_DOCUMENTATION_COMMENTS = YES;
				CLANG_WARN_EMPTY_BODY = YES;
				CLANG_WARN_ENUM_CONVERSION = YES;
				CLANG_WARN_INFINITE_RECURSION = YES;
				CLANG_WARN_INT_CONVERSION = YES;
				CLANG_WARN_NON_LITERAL_NULL_CONVERSION = YES;
				CLANG_WARN_OBJC_IMPLICIT_RETAIN_SELF = YES;
				CLANG_WARN_OBJC_LITERAL_CONVERSION = YES;
				CLANG_WARN_OBJC_ROOT_CLASS = YES_ERROR;
				CLANG_WARN_RANGE_LOOP_ANALYSIS = YES;
				CLANG_WARN_STRICT_PROTOTYPES = YES;
				CLANG_WARN_SUSPICIOUS_MOVE = YES;
				CLANG_WARN_UNGUARDED_AVAILABILITY = YES_AGGRESSIVE;
				CLANG_WARN_UNREACHABLE_CODE = YES;
				CLANG_WARN__DUPLICATE_METHOD_MATCH = YES;
				COPY_PHASE_STRIP = NO;
				DEBUG_INFORMATION_FORMAT = "dwarf-with-dsym";
				ENABLE_NS_ASSERTIONS = NO;
				ENABLE_STRICT_OBJC_MSGSEND = YES;
				GCC_C_LANGUAGE_STANDARD = gnu11;
				GCC_NO_COMMON_BLOCKS = YES;
				GCC_WARN_64_TO_32_BIT_CONVERSION = YES;
				GCC_WARN_ABOUT_RETURN_TYPE = YES_ERROR;
				GCC_WARN_UNDECLARED_SELECTOR = YES;
				GCC_WARN_UNINITIALIZED_AUTOS = YES_AGGRESSIVE;
				GCC_WARN_UNUSED_FUNCTION = YES;
				GCC_WARN_UNUSED_VARIABLE = YES;
				MACOSX_DEPLOYMENT_TARGET = 10.15;
				MTL_ENABLE_DEBUG_INFO = NO;
				MTL_FAST_MATH = YES;
				SDKROOT = macosx;
			};
			name = Release;
		};
		649ABF9A2486F35E004FCDBE /* Debug */ = {
			isa = XCBuildConfiguration;
			buildSettings = {
				CODE_SIGN_STYLE = Automatic;
				DEVELOPMENT_TEAM = JA3K44V4L9;
				ENABLE_HARDENED_RUNTIME = YES;
				PRODUCT_NAME = "$(TARGET_NAME)";
			};
			name = Debug;
		};
		649ABF9B2486F35E004FCDBE /* Release */ = {
			isa = XCBuildConfiguration;
			buildSettings = {
				CODE_SIGN_STYLE = Automatic;
				DEVELOPMENT_TEAM = JA3K44V4L9;
				ENABLE_HARDENED_RUNTIME = YES;
				PRODUCT_NAME = "$(TARGET_NAME)";
			};
			name = Release;
		};
/* End XCBuildConfiguration section */

/* Begin XCConfigurationList section */
		649ABF8D2486F35E004FCDBE /* Build configuration list for PBXProject "ClassesOfCardGameProject" */ = {
			isa = XCConfigurationList;
			buildConfigurations = (
				649ABF972486F35E004FCDBE /* Debug */,
				649ABF982486F35E004FCDBE /* Release */,
			);
			defaultConfigurationIsVisible = 0;
			defaultConfigurationName = Release;
		};
		649ABF992486F35E004FCDBE /* Build configuration list for PBXNativeTarget "ClassesOfCardGameProject" */ = {
			isa = XCConfigurationList;
			buildConfigurations = (
				649ABF9A2486F35E004FCDBE /* Debug */,
				649ABF9B2486F35E004FCDBE /* Release */,
			);
			defaultConfigurationIsVisible = 0;
			defaultConfigurationName = Release;
		};
/* End XCConfigurationList section */
	};
	rootObject = 649ABF8A2486F35E004FCDBE /* Project object */;
}
